// !$*UTF8*$!
{
	archiveVersion = 1;
	classes = {
	};
	objectVersion = 46;
	objects = {

/* Begin PBXBuildFile section */
		4907CB351A3AF8A400ABEA5E /* QuartzCore.framework in Frameworks */ = {isa = PBXBuildFile; fileRef = 4907CB2B1A3AF3EA00ABEA5E /* QuartzCore.framework */; };
		4907CB371A3AF8B700ABEA5E /* Security.framework in Frameworks */ = {isa = PBXBuildFile; fileRef = 4907CB361A3AF8B700ABEA5E /* Security.framework */; };
		496E50681D3CA5F800E946A2 /* MultiLanguageViewController.swift in Sources */ = {isa = PBXBuildFile; fileRef = 496E50671D3CA5F800E946A2 /* MultiLanguageViewController.swift */; };
		4976A08617AB6C6200336537 /* CoreLocation.framework in Frameworks */ = {isa = PBXBuildFile; fileRef = 4976A08517AB6C6200336537 /* CoreLocation.framework */; };
		49820E911D371FA000898070 /* ToastView.m in Sources */ = {isa = PBXBuildFile; fileRef = 49820E8E1D371FA000898070 /* ToastView.m */; };
		49820EAF1D371FD300898070 /* BasicMapViewController.m in Sources */ = {isa = PBXBuildFile; fileRef = 49820E941D371FD300898070 /* BasicMapViewController.m */; };
		49820EB01D371FD300898070 /* CustomViewController.m in Sources */ = {isa = PBXBuildFile; fileRef = 49820E961D371FD300898070 /* CustomViewController.m */; };
		49820EB11D371FD300898070 /* DataImportViewController.m in Sources */ = {isa = PBXBuildFile; fileRef = 49820E981D371FD300898070 /* DataImportViewController.m */; };
		49820EB31D371FD300898070 /* GroundOverlayController.m in Sources */ = {isa = PBXBuildFile; fileRef = 49820E9C1D371FD300898070 /* GroundOverlayController.m */; };
		49820EB41D371FD300898070 /* HundredsMarkerController.m in Sources */ = {isa = PBXBuildFile; fileRef = 49820E9E1D371FD300898070 /* HundredsMarkerController.m */; };
		49820EB51D371FD300898070 /* ImagesTestViewController.m in Sources */ = {isa = PBXBuildFile; fileRef = 49820EA01D371FD300898070 /* ImagesTestViewController.m */; };
		49820EB61D371FD300898070 /* InfoWindowDemoViewController.m in Sources */ = {isa = PBXBuildFile; fileRef = 49820EA21D371FD300898070 /* InfoWindowDemoViewController.m */; };
		49820EB71D371FD300898070 /* LayersViewController.m in Sources */ = {isa = PBXBuildFile; fileRef = 49820EA41D371FD300898070 /* LayersViewController.m */; };
		49820EB81D371FD300898070 /* MapApiTestController.m in Sources */ = {isa = PBXBuildFile; fileRef = 49820EA61D371FD300898070 /* MapApiTestController.m */; };
		49820EB91D371FD300898070 /* MarkersViewController.m in Sources */ = {isa = PBXBuildFile; fileRef = 49820EA81D371FD300898070 /* MarkersViewController.m */; };
		49820EBA1D371FD300898070 /* ShapesViewController.m in Sources */ = {isa = PBXBuildFile; fileRef = 49820EAA1D371FD300898070 /* ShapesViewController.m */; };
		49820EBB1D371FD300898070 /* StylesViewController.m in Sources */ = {isa = PBXBuildFile; fileRef = 49820EAC1D371FD300898070 /* StylesViewController.m */; };
		49820EBC1D371FD300898070 /* TrafficInfoController.m in Sources */ = {isa = PBXBuildFile; fileRef = 49820EAE1D371FD300898070 /* TrafficInfoController.m */; };
		49820EBE1D37205C00898070 /* main.m in Sources */ = {isa = PBXBuildFile; fileRef = 49820EBD1D37205C00898070 /* main.m */; };
		49820ED71D37206A00898070 /* airplane.png in Resources */ = {isa = PBXBuildFile; fileRef = 49820EBF1D37206A00898070 /* airplane.png */; };
		49820ED91D37206A00898070 /* blue_icon.png in Resources */ = {isa = PBXBuildFile; fileRef = 49820EC21D37206A00898070 /* blue_icon.png */; };
		49820EDA1D37206A00898070 /* borderless.json in Resources */ = {isa = PBXBuildFile; fileRef = 49820EC31D37206A00898070 /* borderless.json */; };
		49820EDB1D37206A00898070 /* c00000180.png in Resources */ = {isa = PBXBuildFile; fileRef = 49820EC41D37206A00898070 /* c00000180.png */; };
		49820EDC1D37206A00898070 /* circle_icon.png in Resources */ = {isa = PBXBuildFile; fileRef = 49820EC51D37206A00898070 /* circle_icon.png */; };
		49820EDD1D37206A00898070 /* day_drive.json in Resources */ = {isa = PBXBuildFile; fileRef = 49820EC61D37206A00898070 /* day_drive.json */; };
		49820EDE1D37206A00898070 /* Default-568h@2x.png in Resources */ = {isa = PBXBuildFile; fileRef = 49820EC71D37206A00898070 /* Default-568h@2x.png */; };
		49820EDF1D37206A00898070 /* Default.png in Resources */ = {isa = PBXBuildFile; fileRef = 49820EC81D37206A00898070 /* Default.png */; };
		49820EE01D37206A00898070 /* Default@2x.png in Resources */ = {isa = PBXBuildFile; fileRef = 49820EC91D37206A00898070 /* Default@2x.png */; };
		49820EE11D37206A00898070 /* gas.png in Resources */ = {isa = PBXBuildFile; fileRef = 49820ECA1D37206A00898070 /* gas.png */; };
		49820EE21D37206A00898070 /* infowindow.png in Resources */ = {isa = PBXBuildFile; fileRef = 49820ECB1D37206A00898070 /* infowindow.png */; };
		49820EE31D37206A00898070 /* marker_busstop.png in Resources */ = {isa = PBXBuildFile; fileRef = 49820ECC1D37206A00898070 /* marker_busstop.png */; };
		49820EE41D37206A00898070 /* marker_end.png in Resources */ = {isa = PBXBuildFile; fileRef = 49820ECD1D37206A00898070 /* marker_end.png */; };
		49820EE51D37206A00898070 /* marker_start.png in Resources */ = {isa = PBXBuildFile; fileRef = 49820ECE1D37206A00898070 /* marker_start.png */; };
		49820EE61D37206A00898070 /* marker_subway.png in Resources */ = {isa = PBXBuildFile; fileRef = 49820ECF1D37206A00898070 /* marker_subway.png */; };
		49820EE71D37206A00898070 /* new_totalimage.png in Resources */ = {isa = PBXBuildFile; fileRef = 49820ED01D37206A00898070 /* new_totalimage.png */; };
		49820EE81D37206A00898070 /* new_totalimage.txt in Resources */ = {isa = PBXBuildFile; fileRef = 49820ED11D37206A00898070 /* new_totalimage.txt */; };
		49820EE91D37206A00898070 /* night_drive.json in Resources */ = {isa = PBXBuildFile; fileRef = 49820ED21D37206A00898070 /* night_drive.json */; };
		49820EEA1D37206A00898070 /* pink_icon.png in Resources */ = {isa = PBXBuildFile; fileRef = 49820ED31D37206A00898070 /* pink_icon.png */; };
		49820EEB1D37206A00898070 /* slash.png in Resources */ = {isa = PBXBuildFile; fileRef = 49820ED41D37206A00898070 /* slash.png */; };
		49820EEC1D37206A00898070 /* zoomin_btn@2x.png in Resources */ = {isa = PBXBuildFile; fileRef = 49820ED51D37206A00898070 /* zoomin_btn@2x.png */; };
		49820EED1D37206A00898070 /* zoomout_btn@2x.png in Resources */ = {isa = PBXBuildFile; fileRef = 49820ED61D37206A00898070 /* zoomout_btn@2x.png */; };
		49820EF21D37209D00898070 /* BaseSampleViewController.m in Sources */ = {isa = PBXBuildFile; fileRef = 49820EEF1D37209D00898070 /* BaseSampleViewController.m */; };
		49820EF31D37209D00898070 /* MasterViewController.m in Sources */ = {isa = PBXBuildFile; fileRef = 49820EF11D37209D00898070 /* MasterViewController.m */; };
		49820F371D3721D700898070 /* AppDelegate.m in Sources */ = {isa = PBXBuildFile; fileRef = 49820F361D3721D700898070 /* AppDelegate.m */; };
		49820F3A1D37221F00898070 /* CustomView.xib in Resources */ = {isa = PBXBuildFile; fileRef = 49820F381D37221F00898070 /* CustomView.xib */; };
		49820F3C1D37223B00898070 /* Launch Screen.xib in Resources */ = {isa = PBXBuildFile; fileRef = 49820F3B1D37223B00898070 /* Launch Screen.xib */; };
		49820F3F1D37226900898070 /* InfoPlist.strings in Resources */ = {isa = PBXBuildFile; fileRef = 49820F3D1D37226900898070 /* InfoPlist.strings */; };
		49FB0E7C17A7A7F00028E02F /* UIKit.framework in Frameworks */ = {isa = PBXBuildFile; fileRef = 49FB0E7B17A7A7F00028E02F /* UIKit.framework */; };
		49FB0E7E17A7A7F00028E02F /* Foundation.framework in Frameworks */ = {isa = PBXBuildFile; fileRef = 49FB0E7D17A7A7F00028E02F /* Foundation.framework */; };
		49FB0E8017A7A7F00028E02F /* CoreGraphics.framework in Frameworks */ = {isa = PBXBuildFile; fileRef = 49FB0E7F17A7A7F00028E02F /* CoreGraphics.framework */; };
		684342D81F1C4FAB0020A8E7 /* GTrafficAdaptor.m in Sources */ = {isa = PBXBuildFile; fileRef = 684342D71F1C4FAB0020A8E7 /* GTrafficAdaptor.m */; };
/* End PBXBuildFile section */

/* Begin PBXFileReference section */
		4907CB2B1A3AF3EA00ABEA5E /* QuartzCore.framework */ = {isa = PBXFileReference; lastKnownFileType = wrapper.framework; name = QuartzCore.framework; path = System/Library/Frameworks/QuartzCore.framework; sourceTree = SDKROOT; };
		4907CB331A3AF86800ABEA5E /* CoreFoundation.framework */ = {isa = PBXFileReference; lastKnownFileType = wrapper.framework; name = CoreFoundation.framework; path = System/Library/Frameworks/CoreFoundation.framework; sourceTree = SDKROOT; };
		4907CB361A3AF8B700ABEA5E /* Security.framework */ = {isa = PBXFileReference; lastKnownFileType = wrapper.framework; name = Security.framework; path = System/Library/Frameworks/Security.framework; sourceTree = SDKROOT; };
		496E50671D3CA5F800E946A2 /* MultiLanguageViewController.swift */ = {isa = PBXFileReference; fileEncoding = 4; lastKnownFileType = sourcecode.swift; name = MultiLanguageViewController.swift; path = mapDemo/Samples/MultiLanguageViewController.swift; sourceTree = SOURCE_ROOT; };
		496E50691D3CA65200E946A2 /* mapDemo-Bridging-Header.h */ = {isa = PBXFileReference; fileEncoding = 4; lastKnownFileType = sourcecode.c.h; name = "mapDemo-Bridging-Header.h"; path = "mapDemo/mapDemo-Bridging-Header.h"; sourceTree = SOURCE_ROOT; };
		4976A08517AB6C6200336537 /* CoreLocation.framework */ = {isa = PBXFileReference; lastKnownFileType = wrapper.framework; name = CoreLocation.framework; path = System/Library/Frameworks/CoreLocation.framework; sourceTree = SDKROOT; };
		49820E8D1D371FA000898070 /* ToastView.h */ = {isa = PBXFileReference; fileEncoding = 4; lastKnownFileType = sourcecode.c.h; name = ToastView.h; path = mapDemo/Utils/ToastView.h; sourceTree = SOURCE_ROOT; };
		49820E8E1D371FA000898070 /* ToastView.m */ = {isa = PBXFileReference; fileEncoding = 4; lastKnownFileType = sourcecode.c.objc; name = ToastView.m; path = mapDemo/Utils/ToastView.m; sourceTree = SOURCE_ROOT; };
		49820E931D371FD300898070 /* BasicMapViewController.h */ = {isa = PBXFileReference; fileEncoding = 4; lastKnownFileType = sourcecode.c.h; name = BasicMapViewController.h; path = mapDemo/Samples/BasicMapViewController.h; sourceTree = SOURCE_ROOT; };
		49820E941D371FD300898070 /* BasicMapViewController.m */ = {isa = PBXFileReference; fileEncoding = 4; lastKnownFileType = sourcecode.c.objc; name = BasicMapViewController.m; path = mapDemo/Samples/BasicMapViewController.m; sourceTree = SOURCE_ROOT; };
		49820E951D371FD300898070 /* CustomViewController.h */ = {isa = PBXFileReference; fileEncoding = 4; lastKnownFileType = sourcecode.c.h; name = CustomViewController.h; path = mapDemo/Samples/CustomViewController.h; sourceTree = SOURCE_ROOT; };
		49820E961D371FD300898070 /* CustomViewController.m */ = {isa = PBXFileReference; fileEncoding = 4; lastKnownFileType = sourcecode.c.objc; name = CustomViewController.m; path = mapDemo/Samples/CustomViewController.m; sourceTree = SOURCE_ROOT; };
		49820E971D371FD300898070 /* DataImportViewController.h */ = {isa = PBXFileReference; fileEncoding = 4; lastKnownFileType = sourcecode.c.h; name = DataImportViewController.h; path = mapDemo/Samples/DataImportViewController.h; sourceTree = SOURCE_ROOT; };
		49820E981D371FD300898070 /* DataImportViewController.m */ = {isa = PBXFileReference; fileEncoding = 4; lastKnownFileType = sourcecode.c.objc; name = DataImportViewController.m; path = mapDemo/Samples/DataImportViewController.m; sourceTree = SOURCE_ROOT; };
		49820E9B1D371FD300898070 /* GroundOverlayController.h */ = {isa = PBXFileReference; fileEncoding = 4; lastKnownFileType = sourcecode.c.h; name = GroundOverlayController.h; path = mapDemo/Samples/GroundOverlayController.h; sourceTree = SOURCE_ROOT; };
		49820E9C1D371FD300898070 /* GroundOverlayController.m */ = {isa = PBXFileReference; fileEncoding = 4; lastKnownFileType = sourcecode.c.objc; name = GroundOverlayController.m; path = mapDemo/Samples/GroundOverlayController.m; sourceTree = SOURCE_ROOT; };
		49820E9D1D371FD300898070 /* HundredsMarkerController.h */ = {isa = PBXFileReference; fileEncoding = 4; lastKnownFileType = sourcecode.c.h; name = HundredsMarkerController.h; path = mapDemo/Samples/HundredsMarkerController.h; sourceTree = SOURCE_ROOT; };
		49820E9E1D371FD300898070 /* HundredsMarkerController.m */ = {isa = PBXFileReference; fileEncoding = 4; lastKnownFileType = sourcecode.c.objc; name = HundredsMarkerController.m; path = mapDemo/Samples/HundredsMarkerController.m; sourceTree = SOURCE_ROOT; };
		49820E9F1D371FD300898070 /* ImagesTestViewController.h */ = {isa = PBXFileReference; fileEncoding = 4; lastKnownFileType = sourcecode.c.h; name = ImagesTestViewController.h; path = mapDemo/Samples/ImagesTestViewController.h; sourceTree = SOURCE_ROOT; };
		49820EA01D371FD300898070 /* ImagesTestViewController.m */ = {isa = PBXFileReference; fileEncoding = 4; lastKnownFileType = sourcecode.c.objc; name = ImagesTestViewController.m; path = mapDemo/Samples/ImagesTestViewController.m; sourceTree = SOURCE_ROOT; };
		49820EA11D371FD300898070 /* InfoWindowDemoViewController.h */ = {isa = PBXFileReference; fileEncoding = 4; lastKnownFileType = sourcecode.c.h; name = InfoWindowDemoViewController.h; path = mapDemo/Samples/InfoWindowDemoViewController.h; sourceTree = SOURCE_ROOT; };
		49820EA21D371FD300898070 /* InfoWindowDemoViewController.m */ = {isa = PBXFileReference; fileEncoding = 4; lastKnownFileType = sourcecode.c.objc; name = InfoWindowDemoViewController.m; path = mapDemo/Samples/InfoWindowDemoViewController.m; sourceTree = SOURCE_ROOT; };
		49820EA31D371FD300898070 /* LayersViewController.h */ = {isa = PBXFileReference; fileEncoding = 4; lastKnownFileType = sourcecode.c.h; name = LayersViewController.h; path = mapDemo/Samples/LayersViewController.h; sourceTree = SOURCE_ROOT; };
		49820EA41D371FD300898070 /* LayersViewController.m */ = {isa = PBXFileReference; fileEncoding = 4; lastKnownFileType = sourcecode.c.objc; name = LayersViewController.m; path = mapDemo/Samples/LayersViewController.m; sourceTree = SOURCE_ROOT; };
		49820EA51D371FD300898070 /* MapApiTestController.h */ = {isa = PBXFileReference; fileEncoding = 4; lastKnownFileType = sourcecode.c.h; name = MapApiTestController.h; path = mapDemo/Samples/MapApiTestController.h; sourceTree = SOURCE_ROOT; };
		49820EA61D371FD300898070 /* MapApiTestController.m */ = {isa = PBXFileReference; fileEncoding = 4; lastKnownFileType = sourcecode.c.objc; name = MapApiTestController.m; path = mapDemo/Samples/MapApiTestController.m; sourceTree = SOURCE_ROOT; };
		49820EA71D371FD300898070 /* MarkersViewController.h */ = {isa = PBXFileReference; fileEncoding = 4; lastKnownFileType = sourcecode.c.h; name = MarkersViewController.h; path = mapDemo/Samples/MarkersViewController.h; sourceTree = SOURCE_ROOT; };
		49820EA81D371FD300898070 /* MarkersViewController.m */ = {isa = PBXFileReference; fileEncoding = 4; lastKnownFileType = sourcecode.c.objc; name = MarkersViewController.m; path = mapDemo/Samples/MarkersViewController.m; sourceTree = SOURCE_ROOT; };
		49820EA91D371FD300898070 /* ShapesViewController.h */ = {isa = PBXFileReference; fileEncoding = 4; lastKnownFileType = sourcecode.c.h; name = ShapesViewController.h; path = mapDemo/Samples/ShapesViewController.h; sourceTree = SOURCE_ROOT; };
		49820EAA1D371FD300898070 /* ShapesViewController.m */ = {isa = PBXFileReference; fileEncoding = 4; lastKnownFileType = sourcecode.c.objc; name = ShapesViewController.m; path = mapDemo/Samples/ShapesViewController.m; sourceTree = SOURCE_ROOT; };
		49820EAB1D371FD300898070 /* StylesViewController.h */ = {isa = PBXFileReference; fileEncoding = 4; lastKnownFileType = sourcecode.c.h; name = StylesViewController.h; path = mapDemo/Samples/StylesViewController.h; sourceTree = SOURCE_ROOT; };
		49820EAC1D371FD300898070 /* StylesViewController.m */ = {isa = PBXFileReference; fileEncoding = 4; lastKnownFileType = sourcecode.c.objc; name = StylesViewController.m; path = mapDemo/Samples/StylesViewController.m; sourceTree = SOURCE_ROOT; };
		49820EAD1D371FD300898070 /* TrafficInfoController.h */ = {isa = PBXFileReference; fileEncoding = 4; lastKnownFileType = sourcecode.c.h; name = TrafficInfoController.h; path = mapDemo/Samples/TrafficInfoController.h; sourceTree = SOURCE_ROOT; };
		49820EAE1D371FD300898070 /* TrafficInfoController.m */ = {isa = PBXFileReference; fileEncoding = 4; lastKnownFileType = sourcecode.c.objc; name = TrafficInfoController.m; path = mapDemo/Samples/TrafficInfoController.m; sourceTree = SOURCE_ROOT; };
		49820EBD1D37205C00898070 /* main.m */ = {isa = PBXFileReference; fileEncoding = 4; lastKnownFileType = sourcecode.c.objc; name = main.m; path = mapDemo/main.m; sourceTree = SOURCE_ROOT; };
		49820EBF1D37206A00898070 /* airplane.png */ = {isa = PBXFileReference; lastKnownFileType = image.png; name = airplane.png; path = mapDemo/resources/airplane.png; sourceTree = SOURCE_ROOT; };
		49820EC21D37206A00898070 /* blue_icon.png */ = {isa = PBXFileReference; lastKnownFileType = image.png; name = blue_icon.png; path = mapDemo/resources/blue_icon.png; sourceTree = SOURCE_ROOT; };
		49820EC31D37206A00898070 /* borderless.json */ = {isa = PBXFileReference; fileEncoding = 4; lastKnownFileType = text.json; name = borderless.json; path = mapDemo/resources/borderless.json; sourceTree = SOURCE_ROOT; };
		49820EC41D37206A00898070 /* c00000180.png */ = {isa = PBXFileReference; lastKnownFileType = image.png; name = c00000180.png; path = mapDemo/resources/c00000180.png; sourceTree = SOURCE_ROOT; };
		49820EC51D37206A00898070 /* circle_icon.png */ = {isa = PBXFileReference; lastKnownFileType = image.png; name = circle_icon.png; path = mapDemo/resources/circle_icon.png; sourceTree = SOURCE_ROOT; };
		49820EC61D37206A00898070 /* day_drive.json */ = {isa = PBXFileReference; fileEncoding = 4; lastKnownFileType = text.json; name = day_drive.json; path = mapDemo/resources/day_drive.json; sourceTree = SOURCE_ROOT; };
		49820EC71D37206A00898070 /* Default-568h@2x.png */ = {isa = PBXFileReference; lastKnownFileType = image.png; name = "Default-568h@2x.png"; path = "mapDemo/resources/Default-568h@2x.png"; sourceTree = SOURCE_ROOT; };
		49820EC81D37206A00898070 /* Default.png */ = {isa = PBXFileReference; lastKnownFileType = image.png; name = Default.png; path = mapDemo/resources/Default.png; sourceTree = SOURCE_ROOT; };
		49820EC91D37206A00898070 /* Default@2x.png */ = {isa = PBXFileReference; lastKnownFileType = image.png; name = "Default@2x.png"; path = "mapDemo/resources/Default@2x.png"; sourceTree = SOURCE_ROOT; };
		49820ECA1D37206A00898070 /* gas.png */ = {isa = PBXFileReference; lastKnownFileType = image.png; name = gas.png; path = mapDemo/resources/gas.png; sourceTree = SOURCE_ROOT; };
		49820ECB1D37206A00898070 /* infowindow.png */ = {isa = PBXFileReference; lastKnownFileType = image.png; name = infowindow.png; path = mapDemo/resources/infowindow.png; sourceTree = SOURCE_ROOT; };
		49820ECC1D37206A00898070 /* marker_busstop.png */ = {isa = PBXFileReference; lastKnownFileType = image.png; name = marker_busstop.png; path = mapDemo/resources/marker_busstop.png; sourceTree = SOURCE_ROOT; };
		49820ECD1D37206A00898070 /* marker_end.png */ = {isa = PBXFileReference; lastKnownFileType = image.png; name = marker_end.png; path = mapDemo/resources/marker_end.png; sourceTree = SOURCE_ROOT; };
		49820ECE1D37206A00898070 /* marker_start.png */ = {isa = PBXFileReference; lastKnownFileType = image.png; name = marker_start.png; path = mapDemo/resources/marker_start.png; sourceTree = SOURCE_ROOT; };
		49820ECF1D37206A00898070 /* marker_subway.png */ = {isa = PBXFileReference; lastKnownFileType = image.png; name = marker_subway.png; path = mapDemo/resources/marker_subway.png; sourceTree = SOURCE_ROOT; };
		49820ED01D37206A00898070 /* new_totalimage.png */ = {isa = PBXFileReference; lastKnownFileType = image.png; name = new_totalimage.png; path = mapDemo/resources/new_totalimage.png; sourceTree = SOURCE_ROOT; };
		49820ED11D37206A00898070 /* new_totalimage.txt */ = {isa = PBXFileReference; fileEncoding = 4; lastKnownFileType = text; name = new_totalimage.txt; path = mapDemo/resources/new_totalimage.txt; sourceTree = SOURCE_ROOT; };
		49820ED21D37206A00898070 /* night_drive.json */ = {isa = PBXFileReference; fileEncoding = 4; lastKnownFileType = text.json; name = night_drive.json; path = mapDemo/resources/night_drive.json; sourceTree = SOURCE_ROOT; };
		49820ED31D37206A00898070 /* pink_icon.png */ = {isa = PBXFileReference; lastKnownFileType = image.png; name = pink_icon.png; path = mapDemo/resources/pink_icon.png; sourceTree = SOURCE_ROOT; };
		49820ED41D37206A00898070 /* slash.png */ = {isa = PBXFileReference; lastKnownFileType = image.png; name = slash.png; path = mapDemo/resources/slash.png; sourceTree = SOURCE_ROOT; };
		49820ED51D37206A00898070 /* zoomin_btn@2x.png */ = {isa = PBXFileReference; lastKnownFileType = image.png; name = "zoomin_btn@2x.png"; path = "mapDemo/resources/zoomin_btn@2x.png"; sourceTree = SOURCE_ROOT; };
		49820ED61D37206A00898070 /* zoomout_btn@2x.png */ = {isa = PBXFileReference; lastKnownFileType = image.png; name = "zoomout_btn@2x.png"; path = "mapDemo/resources/zoomout_btn@2x.png"; sourceTree = SOURCE_ROOT; };
		49820EEE1D37209D00898070 /* BaseSampleViewController.h */ = {isa = PBXFileReference; fileEncoding = 4; lastKnownFileType = sourcecode.c.h; name = BaseSampleViewController.h; path = mapDemo/BaseSampleViewController.h; sourceTree = SOURCE_ROOT; };
		49820EEF1D37209D00898070 /* BaseSampleViewController.m */ = {isa = PBXFileReference; fileEncoding = 4; lastKnownFileType = sourcecode.c.objc; name = BaseSampleViewController.m; path = mapDemo/BaseSampleViewController.m; sourceTree = SOURCE_ROOT; };
		49820EF01D37209D00898070 /* MasterViewController.h */ = {isa = PBXFileReference; fileEncoding = 4; lastKnownFileType = sourcecode.c.h; name = MasterViewController.h; path = mapDemo/MasterViewController.h; sourceTree = SOURCE_ROOT; };
		49820EF11D37209D00898070 /* MasterViewController.m */ = {isa = PBXFileReference; fileEncoding = 4; lastKnownFileType = sourcecode.c.objc; name = MasterViewController.m; path = mapDemo/MasterViewController.m; sourceTree = SOURCE_ROOT; };
		49820F351D3721D700898070 /* AppDelegate.h */ = {isa = PBXFileReference; fileEncoding = 4; lastKnownFileType = sourcecode.c.h; name = AppDelegate.h; path = mapDemo/AppDelegate.h; sourceTree = SOURCE_ROOT; };
		49820F361D3721D700898070 /* AppDelegate.m */ = {isa = PBXFileReference; fileEncoding = 4; lastKnownFileType = sourcecode.c.objc; name = AppDelegate.m; path = mapDemo/AppDelegate.m; sourceTree = SOURCE_ROOT; };
		49820F391D37221F00898070 /* en */ = {isa = PBXFileReference; lastKnownFileType = file.xib; name = en; path = mapDemo/Samples/en.lproj/CustomView.xib; sourceTree = SOURCE_ROOT; };
		49820F3B1D37223B00898070 /* Launch Screen.xib */ = {isa = PBXFileReference; fileEncoding = 4; lastKnownFileType = file.xib; path = "Launch Screen.xib"; sourceTree = SOURCE_ROOT; };
		49820F3E1D37226900898070 /* en */ = {isa = PBXFileReference; lastKnownFileType = text.plist.strings; name = en; path = mapDemo/en.lproj/InfoPlist.strings; sourceTree = SOURCE_ROOT; };
		49FB0E7817A7A7F00028E02F /* mapDemo.app */ = {isa = PBXFileReference; explicitFileType = wrapper.application; includeInIndex = 0; path = mapDemo.app; sourceTree = BUILT_PRODUCTS_DIR; };
		49FB0E7B17A7A7F00028E02F /* UIKit.framework */ = {isa = PBXFileReference; lastKnownFileType = wrapper.framework; name = UIKit.framework; path = System/Library/Frameworks/UIKit.framework; sourceTree = SDKROOT; };
		49FB0E7D17A7A7F00028E02F /* Foundation.framework */ = {isa = PBXFileReference; lastKnownFileType = wrapper.framework; name = Foundation.framework; path = System/Library/Frameworks/Foundation.framework; sourceTree = SDKROOT; };
		49FB0E7F17A7A7F00028E02F /* CoreGraphics.framework */ = {isa = PBXFileReference; lastKnownFileType = wrapper.framework; name = CoreGraphics.framework; path = System/Library/Frameworks/CoreGraphics.framework; sourceTree = SDKROOT; };
		684342D61F1C4FAB0020A8E7 /* GTrafficAdaptor.h */ = {isa = PBXFileReference; fileEncoding = 4; lastKnownFileType = sourcecode.c.h; name = GTrafficAdaptor.h; path = mapDemo/Utils/GTrafficAdaptor.h; sourceTree = SOURCE_ROOT; };
		684342D71F1C4FAB0020A8E7 /* GTrafficAdaptor.m */ = {isa = PBXFileReference; fileEncoding = 4; lastKnownFileType = sourcecode.c.objc; name = GTrafficAdaptor.m; path = mapDemo/Utils/GTrafficAdaptor.m; sourceTree = SOURCE_ROOT; };
/* End PBXFileReference section */

/* Begin PBXFrameworksBuildPhase section */
		49FB0E7517A7A7F00028E02F /* Frameworks */ = {
			isa = PBXFrameworksBuildPhase;
			buildActionMask = 2147483647;
			files = (
				4907CB371A3AF8B700ABEA5E /* Security.framework in Frameworks */,
				4907CB351A3AF8A400ABEA5E /* QuartzCore.framework in Frameworks */,
				4976A08617AB6C6200336537 /* CoreLocation.framework in Frameworks */,
				49FB0E7C17A7A7F00028E02F /* UIKit.framework in Frameworks */,
				49FB0E7E17A7A7F00028E02F /* Foundation.framework in Frameworks */,
				49FB0E8017A7A7F00028E02F /* CoreGraphics.framework in Frameworks */,
			);
			runOnlyForDeploymentPostprocessing = 0;
		};
/* End PBXFrameworksBuildPhase section */

/* Begin PBXGroup section */
		36E1EF831AFB018B00400D7E /* Utils */ = {
			isa = PBXGroup;
			children = (
				49820E8D1D371FA000898070 /* ToastView.h */,
				49820E8E1D371FA000898070 /* ToastView.m */,
				684342D61F1C4FAB0020A8E7 /* GTrafficAdaptor.h */,
				684342D71F1C4FAB0020A8E7 /* GTrafficAdaptor.m */,
			);
			name = Utils;
			sourceTree = "<group>";
		};
		49FB0E6F17A7A7F00028E02F = {
			isa = PBXGroup;
			children = (
				49FB0E8117A7A7F00028E02F /* mapDemo */,
				49FB0E7A17A7A7F00028E02F /* Frameworks */,
				49FB0E7917A7A7F00028E02F /* Products */,
			);
			sourceTree = "<group>";
		};
		49FB0E7917A7A7F00028E02F /* Products */ = {
			isa = PBXGroup;
			children = (
				49FB0E7817A7A7F00028E02F /* mapDemo.app */,
			);
			name = Products;
			sourceTree = "<group>";
		};
		49FB0E7A17A7A7F00028E02F /* Frameworks */ = {
			isa = PBXGroup;
			children = (
				4907CB361A3AF8B700ABEA5E /* Security.framework */,
				4907CB331A3AF86800ABEA5E /* CoreFoundation.framework */,
				4907CB2B1A3AF3EA00ABEA5E /* QuartzCore.framework */,
				4976A08517AB6C6200336537 /* CoreLocation.framework */,
				49FB0E7B17A7A7F00028E02F /* UIKit.framework */,
				49FB0E7D17A7A7F00028E02F /* Foundation.framework */,
				49FB0E7F17A7A7F00028E02F /* CoreGraphics.framework */,
			);
			name = Frameworks;
			sourceTree = "<group>";
		};
		49FB0E8117A7A7F00028E02F /* mapDemo */ = {
			isa = PBXGroup;
			children = (
				49FB0E8217A7A7F00028E02F /* resources */,
				36E1EF831AFB018B00400D7E /* Utils */,
				49FB0EC217A7A8EE0028E02F /* Samples */,
				49820F351D3721D700898070 /* AppDelegate.h */,
				49820F361D3721D700898070 /* AppDelegate.m */,
				49820EF01D37209D00898070 /* MasterViewController.h */,
				49820EF11D37209D00898070 /* MasterViewController.m */,
				49820EEE1D37209D00898070 /* BaseSampleViewController.h */,
				49820EEF1D37209D00898070 /* BaseSampleViewController.m */,
				49820EBD1D37205C00898070 /* main.m */,
				49820F3B1D37223B00898070 /* Launch Screen.xib */,
				496E50691D3CA65200E946A2 /* mapDemo-Bridging-Header.h */,
			);
			name = mapDemo;
			path = OllehMapSDKDemo;
			sourceTree = "<group>";
		};
		49FB0E8217A7A7F00028E02F /* resources */ = {
			isa = PBXGroup;
			children = (
				49820EBF1D37206A00898070 /* airplane.png */,
				49820EC21D37206A00898070 /* blue_icon.png */,
				49820EC31D37206A00898070 /* borderless.json */,
				49820EC41D37206A00898070 /* c00000180.png */,
				49820EC51D37206A00898070 /* circle_icon.png */,
				49820EC61D37206A00898070 /* day_drive.json */,
				49820EC71D37206A00898070 /* Default-568h@2x.png */,
				49820EC81D37206A00898070 /* Default.png */,
				49820EC91D37206A00898070 /* Default@2x.png */,
				49820ECA1D37206A00898070 /* gas.png */,
				49820ECB1D37206A00898070 /* infowindow.png */,
				49820ECC1D37206A00898070 /* marker_busstop.png */,
				49820ECD1D37206A00898070 /* marker_end.png */,
				49820ECE1D37206A00898070 /* marker_start.png */,
				49820ECF1D37206A00898070 /* marker_subway.png */,
				49820ED01D37206A00898070 /* new_totalimage.png */,
				49820ED11D37206A00898070 /* new_totalimage.txt */,
				49820ED21D37206A00898070 /* night_drive.json */,
				49820ED31D37206A00898070 /* pink_icon.png */,
				49820ED41D37206A00898070 /* slash.png */,
				49820ED51D37206A00898070 /* zoomin_btn@2x.png */,
				49820ED61D37206A00898070 /* zoomout_btn@2x.png */,
				49820F3D1D37226900898070 /* InfoPlist.strings */,
			);
			name = resources;
			sourceTree = "<group>";
		};
		49FB0EC217A7A8EE0028E02F /* Samples */ = {
			isa = PBXGroup;
			children = (
				49820E931D371FD300898070 /* BasicMapViewController.h */,
				49820E941D371FD300898070 /* BasicMapViewController.m */,
				49820E951D371FD300898070 /* CustomViewController.h */,
				49820E961D371FD300898070 /* CustomViewController.m */,
				49820E971D371FD300898070 /* DataImportViewController.h */,
				49820E981D371FD300898070 /* DataImportViewController.m */,
				49820E9B1D371FD300898070 /* GroundOverlayController.h */,
				49820E9C1D371FD300898070 /* GroundOverlayController.m */,
				49820E9D1D371FD300898070 /* HundredsMarkerController.h */,
				49820E9E1D371FD300898070 /* HundredsMarkerController.m */,
				49820E9F1D371FD300898070 /* ImagesTestViewController.h */,
				49820EA01D371FD300898070 /* ImagesTestViewController.m */,
				49820EA11D371FD300898070 /* InfoWindowDemoViewController.h */,
				49820EA21D371FD300898070 /* InfoWindowDemoViewController.m */,
				49820EA31D371FD300898070 /* LayersViewController.h */,
				49820EA41D371FD300898070 /* LayersViewController.m */,
				49820EA51D371FD300898070 /* MapApiTestController.h */,
				49820EA61D371FD300898070 /* MapApiTestController.m */,
				49820EA71D371FD300898070 /* MarkersViewController.h */,
				49820EA81D371FD300898070 /* MarkersViewController.m */,
				49820EA91D371FD300898070 /* ShapesViewController.h */,
				49820EAA1D371FD300898070 /* ShapesViewController.m */,
				49820EAB1D371FD300898070 /* StylesViewController.h */,
				49820EAC1D371FD300898070 /* StylesViewController.m */,
				49820EAD1D371FD300898070 /* TrafficInfoController.h */,
				49820EAE1D371FD300898070 /* TrafficInfoController.m */,
				496E50671D3CA5F800E946A2 /* MultiLanguageViewController.swift */,
				49820F381D37221F00898070 /* CustomView.xib */,
			);
			path = Samples;
			sourceTree = "<group>";
		};
/* End PBXGroup section */

/* Begin PBXNativeTarget section */
		49FB0E7717A7A7F00028E02F /* mapDemo */ = {
			isa = PBXNativeTarget;
			buildConfigurationList = 49FB0EBC17A7A7F10028E02F /* Build configuration list for PBXNativeTarget "mapDemo" */;
			buildPhases = (
				49FB0E7417A7A7F00028E02F /* Sources */,
				49FB0E7517A7A7F00028E02F /* Frameworks */,
				49FB0E7617A7A7F00028E02F /* Resources */,
			);
			buildRules = (
			);
			dependencies = (
			);
			name = mapDemo;
			productName = OllehMapSDKDemo;
			productReference = 49FB0E7817A7A7F00028E02F /* mapDemo.app */;
			productType = "com.apple.product-type.application";
		};
/* End PBXNativeTarget section */

/* Begin PBXProject section */
		49FB0E7017A7A7F00028E02F /* Project object */ = {
			isa = PBXProject;
			attributes = {
				LastSwiftUpdateCheck = 0730;
				LastTestingUpgradeCheck = 0610;
				LastUpgradeCheck = 0610;
				ORGANIZATIONNAME = kt;
				TargetAttributes = {
					49FB0E7717A7A7F00028E02F = {
						LastSwiftMigration = 0820;
						ProvisioningStyle = Manual;
					};
				};
			};
			buildConfigurationList = 49FB0E7317A7A7F00028E02F /* Build configuration list for PBXProject "mapDemo" */;
			compatibilityVersion = "Xcode 3.2";
			developmentRegion = English;
			hasScannedForEncodings = 0;
			knownRegions = (
				en,
			);
			mainGroup = 49FB0E6F17A7A7F00028E02F;
			productRefGroup = 49FB0E7917A7A7F00028E02F /* Products */;
			projectDirPath = "";
			projectRoot = "";
			targets = (
				49FB0E7717A7A7F00028E02F /* mapDemo */,
			);
		};
/* End PBXProject section */

/* Begin PBXResourcesBuildPhase section */
		49FB0E7617A7A7F00028E02F /* Resources */ = {
			isa = PBXResourcesBuildPhase;
			buildActionMask = 2147483647;
			files = (
				49820EE01D37206A00898070 /* Default@2x.png in Resources */,
				49820EDA1D37206A00898070 /* borderless.json in Resources */,
				49820EE61D37206A00898070 /* marker_subway.png in Resources */,
				49820EEB1D37206A00898070 /* slash.png in Resources */,
				49820EEC1D37206A00898070 /* zoomin_btn@2x.png in Resources */,
				49820ED91D37206A00898070 /* blue_icon.png in Resources */,
				49820EDE1D37206A00898070 /* Default-568h@2x.png in Resources */,
				49820EE31D37206A00898070 /* marker_busstop.png in Resources */,
				49820F3C1D37223B00898070 /* Launch Screen.xib in Resources */,
				49820EDD1D37206A00898070 /* day_drive.json in Resources */,
				49820EDC1D37206A00898070 /* circle_icon.png in Resources */,
				49820EE41D37206A00898070 /* marker_end.png in Resources */,
				49820EE71D37206A00898070 /* new_totalimage.png in Resources */,
				49820EE81D37206A00898070 /* new_totalimage.txt in Resources */,
				49820EE51D37206A00898070 /* marker_start.png in Resources */,
				49820EDB1D37206A00898070 /* c00000180.png in Resources */,
				49820F3A1D37221F00898070 /* CustomView.xib in Resources */,
				49820ED71D37206A00898070 /* airplane.png in Resources */,
				49820EE21D37206A00898070 /* infowindow.png in Resources */,
				49820F3F1D37226900898070 /* InfoPlist.strings in Resources */,
				49820EED1D37206A00898070 /* zoomout_btn@2x.png in Resources */,
				49820EDF1D37206A00898070 /* Default.png in Resources */,
				49820EE11D37206A00898070 /* gas.png in Resources */,
				49820EEA1D37206A00898070 /* pink_icon.png in Resources */,
				49820EE91D37206A00898070 /* night_drive.json in Resources */,
			);
			runOnlyForDeploymentPostprocessing = 0;
		};
/* End PBXResourcesBuildPhase section */

/* Begin PBXSourcesBuildPhase section */
		49FB0E7417A7A7F00028E02F /* Sources */ = {
			isa = PBXSourcesBuildPhase;
			buildActionMask = 2147483647;
			files = (
				684342D81F1C4FAB0020A8E7 /* GTrafficAdaptor.m in Sources */,
				49820EBC1D371FD300898070 /* TrafficInfoController.m in Sources */,
				49820EB31D371FD300898070 /* GroundOverlayController.m in Sources */,
				496E50681D3CA5F800E946A2 /* MultiLanguageViewController.swift in Sources */,
				49820EB51D371FD300898070 /* ImagesTestViewController.m in Sources */,
				49820EB91D371FD300898070 /* MarkersViewController.m in Sources */,
				49820EB01D371FD300898070 /* CustomViewController.m in Sources */,
				49820EAF1D371FD300898070 /* BasicMapViewController.m in Sources */,
				49820EB11D371FD300898070 /* DataImportViewController.m in Sources */,
				49820E911D371FA000898070 /* ToastView.m in Sources */,
				49820EBE1D37205C00898070 /* main.m in Sources */,
				49820EB81D371FD300898070 /* MapApiTestController.m in Sources */,
				49820EF31D37209D00898070 /* MasterViewController.m in Sources */,
				49820EBB1D371FD300898070 /* StylesViewController.m in Sources */,
				49820EB71D371FD300898070 /* LayersViewController.m in Sources */,
				49820EBA1D371FD300898070 /* ShapesViewController.m in Sources */,
				49820EB61D371FD300898070 /* InfoWindowDemoViewController.m in Sources */,
				49820EB41D371FD300898070 /* HundredsMarkerController.m in Sources */,
				49820EF21D37209D00898070 /* BaseSampleViewController.m in Sources */,
				49820F371D3721D700898070 /* AppDelegate.m in Sources */,
			);
			runOnlyForDeploymentPostprocessing = 0;
		};
/* End PBXSourcesBuildPhase section */

/* Begin PBXVariantGroup section */
		49820F381D37221F00898070 /* CustomView.xib */ = {
			isa = PBXVariantGroup;
			children = (
				49820F391D37221F00898070 /* en */,
			);
			name = CustomView.xib;
			sourceTree = "<group>";
		};
		49820F3D1D37226900898070 /* InfoPlist.strings */ = {
			isa = PBXVariantGroup;
			children = (
				49820F3E1D37226900898070 /* en */,
			);
			name = InfoPlist.strings;
			sourceTree = "<group>";
		};
/* End PBXVariantGroup section */

/* Begin XCBuildConfiguration section */
		49E180161B5638E300BD9FCE /* InHouse */ = {
			isa = XCBuildConfiguration;
			buildSettings = {
				ALWAYS_SEARCH_USER_PATHS = NO;
				CLANG_CXX_LANGUAGE_STANDARD = "gnu++0x";
				CLANG_CXX_LIBRARY = "libc++";
				CLANG_ENABLE_OBJC_ARC = YES;
				CLANG_WARN_CONSTANT_CONVERSION = YES;
				CLANG_WARN_EMPTY_BODY = YES;
				CLANG_WARN_ENUM_CONVERSION = YES;
				CLANG_WARN_INT_CONVERSION = YES;
				CLANG_WARN__DUPLICATE_METHOD_MATCH = YES;
				CODE_SIGN_IDENTITY = "iPhone Developer: Yoonhak Nam (WCSUJYSP4N)";
				"CODE_SIGN_IDENTITY[sdk=iphoneos*]" = "iPhone Developer: Yoonhak Nam (WCSUJYSP4N)";
				COPY_PHASE_STRIP = YES;
				GCC_C_LANGUAGE_STANDARD = gnu11;
				GCC_WARN_ABOUT_RETURN_TYPE = YES;
				GCC_WARN_UNINITIALIZED_AUTOS = YES;
				GCC_WARN_UNUSED_VARIABLE = YES;
				IPHONEOS_DEPLOYMENT_TARGET = 8.0;
				ONLY_ACTIVE_ARCH = YES;
				OTHER_CFLAGS = "-DNS_BLOCK_ASSERTIONS=1";
				OTHER_LDFLAGS = "-all_load";
				PROVISIONING_PROFILE = "";
				SDKROOT = iphoneos;
				TARGETED_DEVICE_FAMILY = "1,2";
				VALIDATE_PRODUCT = YES;
				VALID_ARCHS = "arm64 armv7 armv7s";
			};
			name = InHouse;
		};
		49E180171B5638E300BD9FCE /* InHouse */ = {
			isa = XCBuildConfiguration;
			buildSettings = {
				CLANG_CXX_LANGUAGE_STANDARD = "c++0x";
				CLANG_ENABLE_MODULES = YES;
				CODE_SIGN_IDENTITY = "iPhone Developer";
				"CODE_SIGN_IDENTITY[sdk=iphoneos*]" = "iPhone Developer";
				COMPRESS_PNG_FILES = NO;
				DEVELOPMENT_TEAM = "";
				ENABLE_BITCODE = NO;
				FRAMEWORK_SEARCH_PATHS = "../Build/Products/$(CONFIGURATION)$(EFFECTIVE_PLATFORM_NAME)";
				GCC_C_LANGUAGE_STANDARD = c11;
				GCC_PRECOMPILE_PREFIX_HEADER = YES;
				GCC_PREFIX_HEADER = "mapDemo/mapDemo-Prefix.pch";
				INFOPLIST_FILE = "mapDemo/mapDemo-Info.plist";
				INSTALL_PATH = "$(LOCAL_APPS_DIR)";
				IPHONEOS_DEPLOYMENT_TARGET = 8.0;
				LD_RUNPATH_SEARCH_PATHS = "$(inherited) @executable_path/Frameworks";
				LIBRARY_SEARCH_PATHS = (
					"$(inherited)",
					"$(PROJECT_DIR)",
				);
				OTHER_CFLAGS = "";
				OTHER_LDFLAGS = "-all_load";
				PRODUCT_BUNDLE_IDENTIFIER = com.kt.ollehMapmapDemo;
				PRODUCT_NAME = mapDemo;
				PROVISIONING_PROFILE = "";
				PROVISIONING_PROFILE_SPECIFIER = "";
				SWIFT_OBJC_BRIDGING_HEADER = "mapDemo/mapDemo-Bridging-Header.h";
				SWIFT_VERSION = 3.0;
				USER_HEADER_SEARCH_PATHS = "";
				VALID_ARCHS = "arm64 armv7";
				WRAPPER_EXTENSION = app;
			};
			name = InHouse;
		};
		49FB0EBA17A7A7F10028E02F /* Debug */ = {
			isa = XCBuildConfiguration;
			buildSettings = {
				ALWAYS_SEARCH_USER_PATHS = NO;
				CLANG_CXX_LANGUAGE_STANDARD = "gnu++0x";
				CLANG_CXX_LIBRARY = "libc++";
				CLANG_ENABLE_OBJC_ARC = YES;
				CLANG_WARN_CONSTANT_CONVERSION = YES;
				CLANG_WARN_EMPTY_BODY = YES;
				CLANG_WARN_ENUM_CONVERSION = YES;
				CLANG_WARN_INT_CONVERSION = YES;
				CLANG_WARN__DUPLICATE_METHOD_MATCH = YES;
				CODE_SIGN_IDENTITY = "iPhone Developer: Yoonhak Nam (WCSUJYSP4N)";
				"CODE_SIGN_IDENTITY[sdk=iphoneos*]" = "iPhone Developer: Yoonhak Nam (WCSUJYSP4N)";
				COPY_PHASE_STRIP = NO;
				GCC_C_LANGUAGE_STANDARD = gnu11;
				GCC_DYNAMIC_NO_PIC = NO;
				GCC_OPTIMIZATION_LEVEL = 0;
				GCC_PREPROCESSOR_DEFINITIONS = (
					"DEBUG=1",
					"$(inherited)",
				);
				GCC_SYMBOLS_PRIVATE_EXTERN = NO;
				GCC_WARN_ABOUT_RETURN_TYPE = YES;
				GCC_WARN_UNINITIALIZED_AUTOS = YES;
				GCC_WARN_UNUSED_VARIABLE = YES;
				IPHONEOS_DEPLOYMENT_TARGET = 8.0;
				ONLY_ACTIVE_ARCH = YES;
				OTHER_CFLAGS = "";
				OTHER_CPLUSPLUSFLAGS = "";
				OTHER_LDFLAGS = "-all_load";
				PROVISIONING_PROFILE = "";
				SDKROOT = iphoneos;
				TARGETED_DEVICE_FAMILY = "1,2";
				VALID_ARCHS = "arm64 armv7 armv7s";
			};
			name = Debug;
		};
		49FB0EBB17A7A7F10028E02F /* Release */ = {
			isa = XCBuildConfiguration;
			buildSettings = {
				ALWAYS_SEARCH_USER_PATHS = NO;
				CLANG_CXX_LANGUAGE_STANDARD = "gnu++0x";
				CLANG_CXX_LIBRARY = "libc++";
				CLANG_ENABLE_OBJC_ARC = YES;
				CLANG_WARN_CONSTANT_CONVERSION = YES;
				CLANG_WARN_EMPTY_BODY = YES;
				CLANG_WARN_ENUM_CONVERSION = YES;
				CLANG_WARN_INT_CONVERSION = YES;
				CLANG_WARN__DUPLICATE_METHOD_MATCH = YES;
				CODE_SIGN_IDENTITY = "iPhone Developer: Yoonhak Nam (WCSUJYSP4N)";
				"CODE_SIGN_IDENTITY[sdk=iphoneos*]" = "iPhone Developer: Yoonhak Nam (WCSUJYSP4N)";
				COPY_PHASE_STRIP = YES;
				GCC_C_LANGUAGE_STANDARD = gnu11;
				GCC_WARN_ABOUT_RETURN_TYPE = YES;
				GCC_WARN_UNINITIALIZED_AUTOS = YES;
				GCC_WARN_UNUSED_VARIABLE = YES;
				IPHONEOS_DEPLOYMENT_TARGET = 8.0;
				ONLY_ACTIVE_ARCH = YES;
				OTHER_CFLAGS = "-DNS_BLOCK_ASSERTIONS=1";
				OTHER_LDFLAGS = "-all_load";
				PROVISIONING_PROFILE = "";
				SDKROOT = iphoneos;
				TARGETED_DEVICE_FAMILY = "1,2";
				VALIDATE_PRODUCT = YES;
				VALID_ARCHS = "arm64 armv7 armv7s";
			};
			name = Release;
		};
		49FB0EBD17A7A7F10028E02F /* Debug */ = {
			isa = XCBuildConfiguration;
			buildSettings = {
				CLANG_CXX_LANGUAGE_STANDARD = "c++0x";
				CLANG_ENABLE_MODULES = YES;
				CODE_SIGN_IDENTITY = "iPhone Developer";
				"CODE_SIGN_IDENTITY[sdk=iphoneos*]" = "iPhone Developer";
				COMPRESS_PNG_FILES = NO;
				DEVELOPMENT_TEAM = "";
				ENABLE_BITCODE = NO;
				FRAMEWORK_SEARCH_PATHS = "../Build/Products/$(CONFIGURATION)$(EFFECTIVE_PLATFORM_NAME)";
				GCC_C_LANGUAGE_STANDARD = c11;
				GCC_PRECOMPILE_PREFIX_HEADER = YES;
				GCC_PREFIX_HEADER = "mapDemo/mapDemo-Prefix.pch";
				GCC_PREPROCESSOR_DEFINITIONS = (
					"DEBUG=1",
					"$(inherited)",
				);
				INFOPLIST_FILE = "mapDemo/mapDemo-Info.plist";
				INSTALL_PATH = "$(LOCAL_APPS_DIR)";
				IPHONEOS_DEPLOYMENT_TARGET = 8.0;
				LD_RUNPATH_SEARCH_PATHS = "$(inherited) @executable_path/Frameworks";
				LIBRARY_SEARCH_PATHS = (
					"$(inherited)",
					"$(PROJECT_DIR)",
				);
				OTHER_CFLAGS = "";
				OTHER_LDFLAGS = "-all_load";
				PRODUCT_BUNDLE_IDENTIFIER = com.kt.ollehMapmapDemo;
				PRODUCT_NAME = mapDemo;
				PROVISIONING_PROFILE = "";
				PROVISIONING_PROFILE_SPECIFIER = "";
				SWIFT_OBJC_BRIDGING_HEADER = "mapDemo/mapDemo-Bridging-Header.h";
				SWIFT_OPTIMIZATION_LEVEL = "-Onone";
				SWIFT_VERSION = 3.0;
				USER_HEADER_SEARCH_PATHS = "";
				VALID_ARCHS = "arm64 armv7";
				WRAPPER_EXTENSION = app;
			};
			name = Debug;
		};
		49FB0EBE17A7A7F10028E02F /* Release */ = {
			isa = XCBuildConfiguration;
			buildSettings = {
				CLANG_CXX_LANGUAGE_STANDARD = "c++0x";
				CLANG_ENABLE_MODULES = YES;
				CODE_SIGN_IDENTITY = "iPhone Developer";
				"CODE_SIGN_IDENTITY[sdk=iphoneos*]" = "iPhone Developer";
				COMPRESS_PNG_FILES = NO;
				DEVELOPMENT_TEAM = "";
				ENABLE_BITCODE = NO;
				FRAMEWORK_SEARCH_PATHS = "../Build/Products/$(CONFIGURATION)$(EFFECTIVE_PLATFORM_NAME)";
				GCC_C_LANGUAGE_STANDARD = c11;
				GCC_PRECOMPILE_PREFIX_HEADER = YES;
				GCC_PREFIX_HEADER = "mapDemo/mapDemo-Prefix.pch";
				INFOPLIST_FILE = "mapDemo/mapDemo-Info.plist";
				INSTALL_PATH = "$(LOCAL_APPS_DIR)";
				IPHONEOS_DEPLOYMENT_TARGET = 8.0;
				LD_RUNPATH_SEARCH_PATHS = "$(inherited) @executable_path/Frameworks";
				LIBRARY_SEARCH_PATHS = (
					"$(inherited)",
					"$(PROJECT_DIR)",
				);
				OTHER_CFLAGS = "";
				OTHER_LDFLAGS = "-all_load";
				PRODUCT_BUNDLE_IDENTIFIER = com.kt.ollehMapmapDemo;
				PRODUCT_NAME = mapDemo;
				PROVISIONING_PROFILE = "";
				PROVISIONING_PROFILE_SPECIFIER = "";
				SWIFT_OBJC_BRIDGING_HEADER = "mapDemo/mapDemo-Bridging-Header.h";
				SWIFT_VERSION = 3.0;
				USER_HEADER_SEARCH_PATHS = "";
				VALID_ARCHS = "arm64 armv7";
				WRAPPER_EXTENSION = app;
			};
			name = Release;
		};
/* End XCBuildConfiguration section */

/* Begin XCConfigurationList section */
		49FB0E7317A7A7F00028E02F /* Build configuration list for PBXProject "mapDemo" */ = {
			isa = XCConfigurationList;
			buildConfigurations = (
				49FB0EBA17A7A7F10028E02F /* Debug */,
				49FB0EBB17A7A7F10028E02F /* Release */,
				49E180161B5638E300BD9FCE /* InHouse */,
			);
			defaultConfigurationIsVisible = 0;
			defaultConfigurationName = Release;
		};
		49FB0EBC17A7A7F10028E02F /* Build configuration list for PBXNativeTarget "mapDemo" */ = {
			isa = XCConfigurationList;
			buildConfigurations = (
				49FB0EBD17A7A7F10028E02F /* Debug */,
				49FB0EBE17A7A7F10028E02F /* Release */,
				49E180171B5638E300BD9FCE /* InHouse */,
			);
			defaultConfigurationIsVisible = 0;
			defaultConfigurationName = Release;
		};
/* End XCConfigurationList section */
	};
	rootObject = 49FB0E7017A7A7F00028E02F /* Project object */;
}
